
Microsoft Visual Studio Solution File, Format Version 12.00
# Visual Studio 15
VisualStudioVersion = 15.0.27703.2035
MinimumVisualStudioVersion = 10.0.40219.1
Project("{FAE04EC0-301F-11D3-BF4B-00C04F79EFBC}") = "FiguresLibrary", "FiguresLibrary\FiguresLibrary.csproj", "{F1D23BBB-1FE0-48F8-86BC-55F2409D51CB}"
EndProject
Project("{FAE04EC0-301F-11D3-BF4B-00C04F79EFBC}") = "Tests", "Tests\Tests.csproj", "{297391C9-6ECB-46FB-932B-B9DB00093D2C}"
EndProject
Global
	GlobalSection(SolutionConfigurationPlatforms) = preSolution
		Debug|Any CPU = Debug|Any CPU
		Release|Any CPU = Release|Any CPU
	EndGlobalSection
	GlobalSection(ProjectConfigurationPlatforms) = postSolution
		{F1D23BBB-1FE0-48F8-86BC-55F2409D51CB}.Debug|Any CPU.ActiveCfg = Debug|Any CPU
		{F1D23BBB-1FE0-48F8-86BC-55F2409D51CB}.Debug|Any CPU.Build.0 = Debug|Any CPU
		{F1D23BBB-1FE0-48F8-86BC-55F2409D51CB}.Release|Any CPU.ActiveCfg = Release|Any CPU
		{F1D23BBB-1FE0-48F8-86BC-55F2409D51CB}.Release|Any CPU.Build.0 = Release|Any CPU
		{297391C9-6ECB-46FB-932B-B9DB00093D2C}.Debug|Any CPU.ActiveCfg = Debug|Any CPU
		{297391C9-6ECB-46FB-932B-B9DB00093D2C}.Debug|Any CPU.Build.0 = Debug|Any CPU
		{297391C9-6ECB-46FB-932B-B9DB00093D2C}.Release|Any CPU.ActiveCfg = Release|Any CPU
		{297391C9-6ECB-46FB-932B-B9DB00093D2C}.Release|Any CPU.Build.0 = Release|Any CPU
	EndGlobalSection
	GlobalSection(SolutionProperties) = preSolution
		HideSolutionNode = FALSE
	EndGlobalSection
	GlobalSection(ExtensibilityGlobals) = postSolution
		SolutionGuid = {E5FDB236-1348-4897-9CA2-7D39C201404B}
	EndGlobalSection
EndGlobal
